// !$*UTF8*$!
{
	archiveVersion = 1;
	classes = {
	};
	objectVersion = 50;
	objects = {

/* Begin PBXBuildFile section */
		4602C9E022DCB7C900908266 /* AppDelegate.swift in Sources */ = {isa = PBXBuildFile; fileRef = 4602C9DF22DCB7C900908266 /* AppDelegate.swift */; };
		4602C9E222DCB7C900908266 /* TodoListViewController.swift in Sources */ = {isa = PBXBuildFile; fileRef = 4602C9E122DCB7C900908266 /* TodoListViewController.swift */; };
		4602C9E522DCB7C900908266 /* Main.storyboard in Resources */ = {isa = PBXBuildFile; fileRef = 4602C9E322DCB7C900908266 /* Main.storyboard */; };
		4602C9E722DCB7C900908266 /* Assets.xcassets in Resources */ = {isa = PBXBuildFile; fileRef = 4602C9E622DCB7C900908266 /* Assets.xcassets */; };
		4602C9EA22DCB7C900908266 /* LaunchScreen.storyboard in Resources */ = {isa = PBXBuildFile; fileRef = 4602C9E822DCB7C900908266 /* LaunchScreen.storyboard */; };
		46330E3622E2B9C700E71B7F /* CategoryViewController.swift in Sources */ = {isa = PBXBuildFile; fileRef = 46330E3522E2B9C700E71B7F /* CategoryViewController.swift */; };
		463B43FF22E23DDA0045DB27 /* DataModel.xcdatamodeld in Sources */ = {isa = PBXBuildFile; fileRef = 463B43FD22E23DDA0045DB27 /* DataModel.xcdatamodeld */; };
/* End PBXBuildFile section */

/* Begin PBXFileReference section */
		4602C9DC22DCB7C900908266 /* Todoey.app */ = {isa = PBXFileReference; explicitFileType = wrapper.application; includeInIndex = 0; path = Todoey.app; sourceTree = BUILT_PRODUCTS_DIR; };
		4602C9DF22DCB7C900908266 /* AppDelegate.swift */ = {isa = PBXFileReference; lastKnownFileType = sourcecode.swift; path = AppDelegate.swift; sourceTree = "<group>"; };
		4602C9E122DCB7C900908266 /* TodoListViewController.swift */ = {isa = PBXFileReference; lastKnownFileType = sourcecode.swift; path = TodoListViewController.swift; sourceTree = "<group>"; };
		4602C9E422DCB7C900908266 /* Base */ = {isa = PBXFileReference; lastKnownFileType = file.storyboard; name = Base; path = Base.lproj/Main.storyboard; sourceTree = "<group>"; };
		4602C9E622DCB7C900908266 /* Assets.xcassets */ = {isa = PBXFileReference; lastKnownFileType = folder.assetcatalog; path = Assets.xcassets; sourceTree = "<group>"; };
		4602C9E922DCB7C900908266 /* Base */ = {isa = PBXFileReference; lastKnownFileType = file.storyboard; name = Base; path = Base.lproj/LaunchScreen.storyboard; sourceTree = "<group>"; };
		4602C9EB22DCB7C900908266 /* Info.plist */ = {isa = PBXFileReference; lastKnownFileType = text.plist.xml; path = Info.plist; sourceTree = "<group>"; };
		46330E3522E2B9C700E71B7F /* CategoryViewController.swift */ = {isa = PBXFileReference; lastKnownFileType = sourcecode.swift; path = CategoryViewController.swift; sourceTree = "<group>"; };
		463B43FE22E23DDA0045DB27 /* DataModel.xcdatamodel */ = {isa = PBXFileReference; lastKnownFileType = wrapper.xcdatamodel; path = DataModel.xcdatamodel; sourceTree = "<group>"; };
/* End PBXFileReference section */

/* Begin PBXFrameworksBuildPhase section */
		4602C9D922DCB7C900908266 /* Frameworks */ = {
			isa = PBXFrameworksBuildPhase;
			buildActionMask = 2147483647;
			files = (
			);
			runOnlyForDeploymentPostprocessing = 0;
		};
/* End PBXFrameworksBuildPhase section */

/* Begin PBXGroup section */
		4602C9D322DCB7C800908266 = {
			isa = PBXGroup;
			children = (
				4602C9DE22DCB7C900908266 /* Todoey */,
				4602C9DD22DCB7C900908266 /* Products */,
			);
			sourceTree = "<group>";
		};
		4602C9DD22DCB7C900908266 /* Products */ = {
			isa = PBXGroup;
			children = (
				4602C9DC22DCB7C900908266 /* Todoey.app */,
			);
			name = Products;
			sourceTree = "<group>";
		};
		4602C9DE22DCB7C900908266 /* Todoey */ = {
			isa = PBXGroup;
			children = (
				4602C9DF22DCB7C900908266 /* AppDelegate.swift */,
				468F66BC22E150A600D68360 /* Controllers */,
				468F66BB22E1508900D68360 /* Data model */,
				468F66BD22E150C800D68360 /* Views */,
				468F66BE22E150E100D68360 /* Supporting files */,
				4602C9EB22DCB7C900908266 /* Info.plist */,
			);
			path = Todoey;
			sourceTree = "<group>";
		};
		468F66BB22E1508900D68360 /* Data model */ = {
			isa = PBXGroup;
			children = (
				463B43FD22E23DDA0045DB27 /* DataModel.xcdatamodeld */,
			);
			path = "Data model";
			sourceTree = "<group>";
		};
		468F66BC22E150A600D68360 /* Controllers */ = {
			isa = PBXGroup;
			children = (
				46330E3522E2B9C700E71B7F /* CategoryViewController.swift */,
				4602C9E122DCB7C900908266 /* TodoListViewController.swift */,
			);
			path = Controllers;
			sourceTree = "<group>";
		};
		468F66BD22E150C800D68360 /* Views */ = {
			isa = PBXGroup;
			children = (
				4602C9E322DCB7C900908266 /* Main.storyboard */,
			);
			path = Views;
			sourceTree = "<group>";
		};
		468F66BE22E150E100D68360 /* Supporting files */ = {
			isa = PBXGroup;
			children = (
				4602C9E622DCB7C900908266 /* Assets.xcassets */,
				4602C9E822DCB7C900908266 /* LaunchScreen.storyboard */,
			);
			path = "Supporting files";
			sourceTree = "<group>";
		};
/* End PBXGroup section */

/* Begin PBXNativeTarget section */
		4602C9DB22DCB7C900908266 /* Todoey */ = {
			isa = PBXNativeTarget;
			buildConfigurationList = 4602C9EE22DCB7C900908266 /* Build configuration list for PBXNativeTarget "Todoey" */;
			buildPhases = (
				4602C9D822DCB7C900908266 /* Sources */,
				4602C9D922DCB7C900908266 /* Frameworks */,
				4602C9DA22DCB7C900908266 /* Resources */,
			);
			buildRules = (
			);
			dependencies = (
			);
			name = Todoey;
			productName = Todoey;
			productReference = 4602C9DC22DCB7C900908266 /* Todoey.app */;
			productType = "com.apple.product-type.application";
		};
/* End PBXNativeTarget section */

/* Begin PBXProject section */
		4602C9D422DCB7C800908266 /* Project object */ = {
			isa = PBXProject;
			attributes = {
				LastSwiftUpdateCheck = 1020;
				LastUpgradeCheck = 1020;
				ORGANIZATIONNAME = "Donal MacCoon";
				TargetAttributes = {
					4602C9DB22DCB7C900908266 = {
						CreatedOnToolsVersion = 10.2.1;
					};
				};
			};
			buildConfigurationList = 4602C9D722DCB7C800908266 /* Build configuration list for PBXProject "Todoey" */;
			compatibilityVersion = "Xcode 9.3";
			developmentRegion = en;
			hasScannedForEncodings = 0;
			knownRegions = (
				en,
				Base,
			);
			mainGroup = 4602C9D322DCB7C800908266;
			productRefGroup = 4602C9DD22DCB7C900908266 /* Products */;
			projectDirPath = "";
			projectRoot = "";
			targets = (
				4602C9DB22DCB7C900908266 /* Todoey */,
			);
		};
/* End PBXProject section */

/* Begin PBXResourcesBuildPhase section */
		4602C9DA22DCB7C900908266 /* Resources */ = {
			isa = PBXResourcesBuildPhase;
			buildActionMask = 2147483647;
			files = (
				4602C9EA22DCB7C900908266 /* LaunchScreen.storyboard in Resources */,
				4602C9E722DCB7C900908266 /* Assets.xcassets in Resources */,
				4602C9E522DCB7C900908266 /* Main.storyboard in Resources */,
			);
			runOnlyForDeploymentPostprocessing = 0;
		};
/* End PBXResourcesBuildPhase section */

/* Begin PBXSourcesBuildPhase section */
		4602C9D822DCB7C900908266 /* Sources */ = {
			isa = PBXSourcesBuildPhase;
			buildActionMask = 2147483647;
			files = (
				46330E3622E2B9C700E71B7F /* CategoryViewController.swift in Sources */,
				4602C9E222DCB7C900908266 /* TodoListViewController.swift in Sources */,
				463B43FF22E23DDA0045DB27 /* DataModel.xcdatamodeld in Sources */,
				4602C9E022DCB7C900908266 /* AppDelegate.swift in Sources */,
			);
			runOnlyForDeploymentPostprocessing = 0;
		};
/* End PBXSourcesBuildPhase section */

/* Begin PBXVariantGroup section */
		4602C9E322DCB7C900908266 /* Main.storyboard */ = {
			isa = PBXVariantGroup;
			children = (
				4602C9E422DCB7C900908266 /* Base */,
			);
			name = Main.storyboard;
			sourceTree = "<group>";
		};
		4602C9E822DCB7C900908266 /* LaunchScreen.storyboard */ = {
			isa = PBXVariantGroup;
			children = (
				4602C9E922DCB7C900908266 /* Base */,
			);
			name = LaunchScreen.storyboard;
			sourceTree = "<group>";
		};
/* End PBXVariantGroup section */

/* Begin XCBuildConfiguration section */
		4602C9EC22DCB7C900908266 /* Debug */ = {
			isa = XCBuildConfiguration;
			buildSettings = {
				ALWAYS_SEARCH_USER_PATHS = NO;
				CLANG_ANALYZER_NONNULL = YES;
				CLANG_ANALYZER_NUMBER_OBJECT_CONVERSION = YES_AGGRESSIVE;
				CLANG_CXX_LANGUAGE_STANDARD = "gnu++14";
				CLANG_CXX_LIBRARY = "libc++";
				CLANG_ENABLE_MODULES = YES;
				CLANG_ENABLE_OBJC_ARC = YES;
				CLANG_ENABLE_OBJC_WEAK = YES;
				CLANG_WARN_BLOCK_CAPTURE_AUTORELEASING = YES;
				CLANG_WARN_BOOL_CONVERSION = YES;
				CLANG_WARN_COMMA = YES;
				CLANG_WARN_CONSTANT_CONVERSION = YES;
				CLANG_WARN_DEPRECATED_OBJC_IMPLEMENTATIONS = YES;
				CLANG_WARN_DIRECT_OBJC_ISA_USAGE = YES_ERROR;
				CLANG_WARN_DOCUMENTATION_COMMENTS = YES;
				CLANG_WARN_EMPTY_BODY = YES;
				CLANG_WARN_ENUM_CONVERSION = YES;
				CLANG_WARN_INFINITE_RECURSION = YES;
				CLANG_WARN_INT_CONVERSION = YES;
				CLANG_WARN_NON_LITERAL_NULL_CONVERSION = YES;
				CLANG_WARN_OBJC_IMPLICIT_RETAIN_SELF = YES;
				CLANG_WARN_OBJC_LITERAL_CONVERSION = YES;
				CLANG_WARN_OBJC_ROOT_CLASS = YES_ERROR;
				CLANG_WARN_RANGE_LOOP_ANALYSIS = YES;
				CLANG_WARN_STRICT_PROTOTYPES = YES;
				CLANG_WARN_SUSPICIOUS_MOVE = YES;
				CLANG_WARN_UNGUARDED_AVAILABILITY = YES_AGGRESSIVE;
				CLANG_WARN_UNREACHABLE_CODE = YES;
				CLANG_WARN__DUPLICATE_METHOD_MATCH = YES;
				CODE_SIGN_IDENTITY = "iPhone Developer";
				COPY_PHASE_STRIP = NO;
				DEBUG_INFORMATION_FORMAT = dwarf;
				ENABLE_STRICT_OBJC_MSGSEND = YES;
				ENABLE_TESTABILITY = YES;
				GCC_C_LANGUAGE_STANDARD = gnu11;
				GCC_DYNAMIC_NO_PIC = NO;
				GCC_NO_COMMON_BLOCKS = YES;
				GCC_OPTIMIZATION_LEVEL = 0;
				GCC_PREPROCESSOR_DEFINITIONS = (
					"DEBUG=1",
					"$(inherited)",
				);
				GCC_WARN_64_TO_32_BIT_CONVERSION = YES;
				GCC_WARN_ABOUT_RETURN_TYPE = YES_ERROR;
				GCC_WARN_UNDECLARED_SELECTOR = YES;
				GCC_WARN_UNINITIALIZED_AUTOS = YES_AGGRESSIVE;
				GCC_WARN_UNUSED_FUNCTION = YES;
				GCC_WARN_UNUSED_VARIABLE = YES;
				IPHONEOS_DEPLOYMENT_TARGET = 12.2;
				MTL_ENABLE_DEBUG_INFO = INCLUDE_SOURCE;
				MTL_FAST_MATH = YES;
				ONLY_ACTIVE_ARCH = YES;
				SDKROOT = iphoneos;
				SWIFT_ACTIVE_COMPILATION_CONDITIONS = DEBUG;
				SWIFT_OPTIMIZATION_LEVEL = "-Onone";
			};
			name = Debug;
		};
		4602C9ED22DCB7C900908266 /* Release */ = {
			isa = XCBuildConfiguration;
			buildSettings = {
				ALWAYS_SEARCH_USER_PATHS = NO;
				CLANG_ANALYZER_NONNULL = YES;
				CLANG_ANALYZER_NUMBER_OBJECT_CONVERSION = YES_AGGRESSIVE;
				CLANG_CXX_LANGUAGE_STANDARD = "gnu++14";
				CLANG_CXX_LIBRARY = "libc++";
				CLANG_ENABLE_MODULES = YES;
				CLANG_ENABLE_OBJC_ARC = YES;
				CLANG_ENABLE_OBJC_WEAK = YES;
				CLANG_WARN_BLOCK_CAPTURE_AUTORELEASING = YES;
				CLANG_WARN_BOOL_CONVERSION = YES;
				CLANG_WARN_COMMA = YES;
				CLANG_WARN_CONSTANT_CONVERSION = YES;
				CLANG_WARN_DEPRECATED_OBJC_IMPLEMENTATIONS = YES;
				CLANG_WARN_DIRECT_OBJC_ISA_USAGE = YES_ERROR;
				CLANG_WARN_DOCUMENTATION_COMMENTS = YES;
				CLANG_WARN_EMPTY_BODY = YES;
				CLANG_WARN_ENUM_CONVERSION = YES;
				CLANG_WARN_INFINITE_RECURSION = YES;
				CLANG_WARN_INT_CONVERSION = YES;
				CLANG_WARN_NON_LITERAL_NULL_CONVERSION = YES;
				CLANG_WARN_OBJC_IMPLICIT_RETAIN_SELF = YES;
				CLANG_WARN_OBJC_LITERAL_CONVERSION = YES;
				CLANG_WARN_OBJC_ROOT_CLASS = YES_ERROR;
				CLANG_WARN_RANGE_LOOP_ANALYSIS = YES;
				CLANG_WARN_STRICT_PROTOTYPES = YES;
				CLANG_WARN_SUSPICIOUS_MOVE = YES;
				CLANG_WARN_UNGUARDED_AVAILABILITY = YES_AGGRESSIVE;
				CLANG_WARN_UNREACHABLE_CODE = YES;
				CLANG_WARN__DUPLICATE_METHOD_MATCH = YES;
				CODE_SIGN_IDENTITY = "iPhone Developer";
				COPY_PHASE_STRIP = NO;
				DEBUG_INFORMATION_FORMAT = "dwarf-with-dsym";
				ENABLE_NS_ASSERTIONS = NO;
				ENABLE_STRICT_OBJC_MSGSEND = YES;
				GCC_C_LANGUAGE_STANDARD = gnu11;
				GCC_NO_COMMON_BLOCKS = YES;
				GCC_WARN_64_TO_32_BIT_CONVERSION = YES;
				GCC_WARN_ABOUT_RETURN_TYPE = YES_ERROR;
				GCC_WARN_UNDECLARED_SELECTOR = YES;
				GCC_WARN_UNINITIALIZED_AUTOS = YES_AGGRESSIVE;
				GCC_WARN_UNUSED_FUNCTION = YES;
				GCC_WARN_UNUSED_VARIABLE = YES;
				IPHONEOS_DEPLOYMENT_TARGET = 12.2;
				MTL_ENABLE_DEBUG_INFO = NO;
				MTL_FAST_MATH = YES;
				SDKROOT = iphoneos;
				SWIFT_COMPILATION_MODE = wholemodule;
				SWIFT_OPTIMIZATION_LEVEL = "-O";
				VALIDATE_PRODUCT = YES;
			};
			name = Release;
		};
		4602C9EF22DCB7C900908266 /* Debug */ = {
			isa = XCBuildConfiguration;
			buildSettings = {
				ASSETCATALOG_COMPILER_APPICON_NAME = AppIcon;
				CODE_SIGN_STYLE = Automatic;
				DEVELOPMENT_TEAM = 4GQWV48P96;
				INFOPLIST_FILE = Todoey/Info.plist;
				LD_RUNPATH_SEARCH_PATHS = (
					"$(inherited)",
					"@executable_path/Frameworks",
				);
				PRODUCT_BUNDLE_IDENTIFIER = com.oneplanetthriving.Todoey;
				PRODUCT_NAME = "$(TARGET_NAME)";
				SWIFT_VERSION = 5.0;
				TARGETED_DEVICE_FAMILY = "1,2";
			};
			name = Debug;
		};
		4602C9F022DCB7C900908266 /* Release */ = {
			isa = XCBuildConfiguration;
			buildSettings = {
				ASSETCATALOG_COMPILER_APPICON_NAME = AppIcon;
				CODE_SIGN_STYLE = Automatic;
				DEVELOPMENT_TEAM = 4GQWV48P96;
				INFOPLIST_FILE = Todoey/Info.plist;
				LD_RUNPATH_SEARCH_PATHS = (
					"$(inherited)",
					"@executable_path/Frameworks",
				);
				PRODUCT_BUNDLE_IDENTIFIER = com.oneplanetthriving.Todoey;
				PRODUCT_NAME = "$(TARGET_NAME)";
				SWIFT_VERSION = 5.0;
				TARGETED_DEVICE_FAMILY = "1,2";
			};
			name = Release;
		};
/* End XCBuildConfiguration section */

/* Begin XCConfigurationList section */
		4602C9D722DCB7C800908266 /* Build configuration list for PBXProject "Todoey" */ = {
			isa = XCConfigurationList;
			buildConfigurations = (
				4602C9EC22DCB7C900908266 /* Debug */,
				4602C9ED22DCB7C900908266 /* Release */,
			);
			defaultConfigurationIsVisible = 0;
			defaultConfigurationName = Release;
		};
		4602C9EE22DCB7C900908266 /* Build configuration list for PBXNativeTarget "Todoey" */ = {
			isa = XCConfigurationList;
			buildConfigurations = (
				4602C9EF22DCB7C900908266 /* Debug */,
				4602C9F022DCB7C900908266 /* Release */,
			);
			defaultConfigurationIsVisible = 0;
			defaultConfigurationName = Release;
		};
/* End XCConfigurationList section */

/* Begin XCVersionGroup section */
		463B43FD22E23DDA0045DB27 /* DataModel.xcdatamodeld */ = {
			isa = XCVersionGroup;
			children = (
				463B43FE22E23DDA0045DB27 /* DataModel.xcdatamodel */,
			);
			currentVersion = 463B43FE22E23DDA0045DB27 /* DataModel.xcdatamodel */;
			path = DataModel.xcdatamodeld;
			sourceTree = "<group>";
			versionGroupType = wrapper.xcdatamodel;
		};
/* End XCVersionGroup section */
	};
	rootObject = 4602C9D422DCB7C800908266 /* Project object */;
}
